// !$*UTF8*$!
{
	archiveVersion = 1;
	classes = {
	};
	objectVersion = 56;
	objects = {

/* Begin PBXBuildFile section */
		FA30BAE52BCD855400FBF268 /* RemoteAnimeFeedLoader.swift in Sources */ = {isa = PBXBuildFile; fileRef = FA30BAE42BCD855400FBF268 /* RemoteAnimeFeedLoader.swift */; };
		FA30BAE72BCD856600FBF268 /* HTTPClient.swift in Sources */ = {isa = PBXBuildFile; fileRef = FA30BAE62BCD856600FBF268 /* HTTPClient.swift */; };
		FA446F732BCD3EB900E85C70 /* AnimeFeed.framework in Frameworks */ = {isa = PBXBuildFile; fileRef = FA446F6A2BCD3EB900E85C70 /* AnimeFeed.framework */; };
		FA446F792BCD3EB900E85C70 /* AnimeFeed.h in Headers */ = {isa = PBXBuildFile; fileRef = FA446F6D2BCD3EB900E85C70 /* AnimeFeed.h */; settings = {ATTRIBUTES = (Public, ); }; };
		FA446F832BCD40D800E85C70 /* AnimeItem.swift in Sources */ = {isa = PBXBuildFile; fileRef = FA446F822BCD40D800E85C70 /* AnimeItem.swift */; };
		FA446F852BCD4BFC00E85C70 /* AnimeFeedLoader.swift in Sources */ = {isa = PBXBuildFile; fileRef = FA446F842BCD4BFC00E85C70 /* AnimeFeedLoader.swift */; };
		FA446F882BCD6D6700E85C70 /* RemoteAnimeFeedLoaderTests.swift in Sources */ = {isa = PBXBuildFile; fileRef = FA446F872BCD6D6700E85C70 /* RemoteAnimeFeedLoaderTests.swift */; };
		FA9D9AC62BE1619100B3EF39 /* Images.swift in Sources */ = {isa = PBXBuildFile; fileRef = FA9D9AC52BE1619100B3EF39 /* Images.swift */; };
		FA9D9AC82BE161E900B3EF39 /* JPGImages.swift in Sources */ = {isa = PBXBuildFile; fileRef = FA9D9AC72BE161E900B3EF39 /* JPGImages.swift */; };
		FA9D9ACA2BE1621E00B3EF39 /* WEBPImages.swift in Sources */ = {isa = PBXBuildFile; fileRef = FA9D9AC92BE1621E00B3EF39 /* WEBPImages.swift */; };
		FA9D9ACC2BE1629800B3EF39 /* Pagination.swift in Sources */ = {isa = PBXBuildFile; fileRef = FA9D9ACB2BE1629800B3EF39 /* Pagination.swift */; };
/* End PBXBuildFile section */

/* Begin PBXContainerItemProxy section */
		FA446F742BCD3EB900E85C70 /* PBXContainerItemProxy */ = {
			isa = PBXContainerItemProxy;
			containerPortal = FA446F612BCD3EB900E85C70 /* Project object */;
			proxyType = 1;
			remoteGlobalIDString = FA446F692BCD3EB900E85C70;
			remoteInfo = AnimeFeed;
		};
/* End PBXContainerItemProxy section */

/* Begin PBXFileReference section */
		FA30BAE42BCD855400FBF268 /* RemoteAnimeFeedLoader.swift */ = {isa = PBXFileReference; lastKnownFileType = sourcecode.swift; path = RemoteAnimeFeedLoader.swift; sourceTree = "<group>"; };
		FA30BAE62BCD856600FBF268 /* HTTPClient.swift */ = {isa = PBXFileReference; lastKnownFileType = sourcecode.swift; path = HTTPClient.swift; sourceTree = "<group>"; };
		FA446F6A2BCD3EB900E85C70 /* AnimeFeed.framework */ = {isa = PBXFileReference; explicitFileType = wrapper.framework; includeInIndex = 0; path = AnimeFeed.framework; sourceTree = BUILT_PRODUCTS_DIR; };
		FA446F6D2BCD3EB900E85C70 /* AnimeFeed.h */ = {isa = PBXFileReference; lastKnownFileType = sourcecode.c.h; path = AnimeFeed.h; sourceTree = "<group>"; };
		FA446F722BCD3EB900E85C70 /* AnimeFeedTests.xctest */ = {isa = PBXFileReference; explicitFileType = wrapper.cfbundle; includeInIndex = 0; path = AnimeFeedTests.xctest; sourceTree = BUILT_PRODUCTS_DIR; };
		FA446F822BCD40D800E85C70 /* AnimeItem.swift */ = {isa = PBXFileReference; lastKnownFileType = sourcecode.swift; path = AnimeItem.swift; sourceTree = "<group>"; };
		FA446F842BCD4BFC00E85C70 /* AnimeFeedLoader.swift */ = {isa = PBXFileReference; lastKnownFileType = sourcecode.swift; path = AnimeFeedLoader.swift; sourceTree = "<group>"; };
		FA446F872BCD6D6700E85C70 /* RemoteAnimeFeedLoaderTests.swift */ = {isa = PBXFileReference; lastKnownFileType = sourcecode.swift; path = RemoteAnimeFeedLoaderTests.swift; sourceTree = "<group>"; };
		FA9D9AC52BE1619100B3EF39 /* Images.swift */ = {isa = PBXFileReference; lastKnownFileType = sourcecode.swift; path = Images.swift; sourceTree = "<group>"; };
		FA9D9AC72BE161E900B3EF39 /* JPGImages.swift */ = {isa = PBXFileReference; lastKnownFileType = sourcecode.swift; path = JPGImages.swift; sourceTree = "<group>"; };
		FA9D9AC92BE1621E00B3EF39 /* WEBPImages.swift */ = {isa = PBXFileReference; lastKnownFileType = sourcecode.swift; path = WEBPImages.swift; sourceTree = "<group>"; };
		FA9D9ACB2BE1629800B3EF39 /* Pagination.swift */ = {isa = PBXFileReference; lastKnownFileType = sourcecode.swift; path = Pagination.swift; sourceTree = "<group>"; };
/* End PBXFileReference section */

/* Begin PBXFrameworksBuildPhase section */
		FA446F672BCD3EB900E85C70 /* Frameworks */ = {
			isa = PBXFrameworksBuildPhase;
			buildActionMask = 2147483647;
			files = (
			);
			runOnlyForDeploymentPostprocessing = 0;
		};
		FA446F6F2BCD3EB900E85C70 /* Frameworks */ = {
			isa = PBXFrameworksBuildPhase;
			buildActionMask = 2147483647;
			files = (
				FA446F732BCD3EB900E85C70 /* AnimeFeed.framework in Frameworks */,
			);
			runOnlyForDeploymentPostprocessing = 0;
		};
/* End PBXFrameworksBuildPhase section */

/* Begin PBXGroup section */
		FA30BAE32BCD853300FBF268 /* AnimeFeedAPI */ = {
			isa = PBXGroup;
			children = (
				FA30BAE42BCD855400FBF268 /* RemoteAnimeFeedLoader.swift */,
				FA30BAE62BCD856600FBF268 /* HTTPClient.swift */,
			);
			path = AnimeFeedAPI;
			sourceTree = "<group>";
		};
		FA446F602BCD3EB900E85C70 = {
			isa = PBXGroup;
			children = (
				FA446F6C2BCD3EB900E85C70 /* AnimeFeed */,
				FA446F762BCD3EB900E85C70 /* AnimeFeedTests */,
				FA446F6B2BCD3EB900E85C70 /* Products */,
			);
			sourceTree = "<group>";
		};
		FA446F6B2BCD3EB900E85C70 /* Products */ = {
			isa = PBXGroup;
			children = (
				FA446F6A2BCD3EB900E85C70 /* AnimeFeed.framework */,
				FA446F722BCD3EB900E85C70 /* AnimeFeedTests.xctest */,
			);
			name = Products;
			sourceTree = "<group>";
		};
		FA446F6C2BCD3EB900E85C70 /* AnimeFeed */ = {
			isa = PBXGroup;
			children = (
				FA446F6D2BCD3EB900E85C70 /* AnimeFeed.h */,
				FA446F862BCD53DF00E85C70 /* Anime Feed Feature */,
				FA30BAE32BCD853300FBF268 /* AnimeFeedAPI */,
			);
			path = AnimeFeed;
			sourceTree = "<group>";
		};
		FA446F762BCD3EB900E85C70 /* AnimeFeedTests */ = {
			isa = PBXGroup;
			children = (
				FA446F872BCD6D6700E85C70 /* RemoteAnimeFeedLoaderTests.swift */,
			);
			path = AnimeFeedTests;
			sourceTree = "<group>";
		};
		FA446F862BCD53DF00E85C70 /* Anime Feed Feature */ = {
			isa = PBXGroup;
			children = (
				FA9D9AC42BE1617A00B3EF39 /* Models */,
				FA446F842BCD4BFC00E85C70 /* AnimeFeedLoader.swift */,
			);
			path = "Anime Feed Feature";
			sourceTree = "<group>";
		};
		FA9D9AC42BE1617A00B3EF39 /* Models */ = {
			isa = PBXGroup;
			children = (
				FA446F822BCD40D800E85C70 /* AnimeItem.swift */,
				FA9D9AC92BE1621E00B3EF39 /* WEBPImages.swift */,
				FA9D9AC72BE161E900B3EF39 /* JPGImages.swift */,
				FA9D9AC52BE1619100B3EF39 /* Images.swift */,
				FA9D9ACB2BE1629800B3EF39 /* Pagination.swift */,
			);
			path = Models;
			sourceTree = "<group>";
		};
/* End PBXGroup section */

/* Begin PBXHeadersBuildPhase section */
		FA446F652BCD3EB900E85C70 /* Headers */ = {
			isa = PBXHeadersBuildPhase;
			buildActionMask = 2147483647;
			files = (
				FA446F792BCD3EB900E85C70 /* AnimeFeed.h in Headers */,
			);
			runOnlyForDeploymentPostprocessing = 0;
		};
/* End PBXHeadersBuildPhase section */

/* Begin PBXNativeTarget section */
		FA446F692BCD3EB900E85C70 /* AnimeFeed */ = {
			isa = PBXNativeTarget;
			buildConfigurationList = FA446F7C2BCD3EB900E85C70 /* Build configuration list for PBXNativeTarget "AnimeFeed" */;
			buildPhases = (
				FA446F652BCD3EB900E85C70 /* Headers */,
				FA446F662BCD3EB900E85C70 /* Sources */,
				FA446F672BCD3EB900E85C70 /* Frameworks */,
				FA446F682BCD3EB900E85C70 /* Resources */,
			);
			buildRules = (
			);
			dependencies = (
			);
			name = AnimeFeed;
			productName = AnimeFeed;
			productReference = FA446F6A2BCD3EB900E85C70 /* AnimeFeed.framework */;
			productType = "com.apple.product-type.framework";
		};
		FA446F712BCD3EB900E85C70 /* AnimeFeedTests */ = {
			isa = PBXNativeTarget;
			buildConfigurationList = FA446F7F2BCD3EB900E85C70 /* Build configuration list for PBXNativeTarget "AnimeFeedTests" */;
			buildPhases = (
				FA446F6E2BCD3EB900E85C70 /* Sources */,
				FA446F6F2BCD3EB900E85C70 /* Frameworks */,
				FA446F702BCD3EB900E85C70 /* Resources */,
			);
			buildRules = (
			);
			dependencies = (
				FA446F752BCD3EB900E85C70 /* PBXTargetDependency */,
			);
			name = AnimeFeedTests;
			productName = AnimeFeedTests;
			productReference = FA446F722BCD3EB900E85C70 /* AnimeFeedTests.xctest */;
			productType = "com.apple.product-type.bundle.unit-test";
		};
/* End PBXNativeTarget section */

/* Begin PBXProject section */
		FA446F612BCD3EB900E85C70 /* Project object */ = {
			isa = PBXProject;
			attributes = {
				BuildIndependentTargetsInParallel = 1;
				LastSwiftUpdateCheck = 1530;
				LastUpgradeCheck = 1530;
				TargetAttributes = {
					FA446F692BCD3EB900E85C70 = {
						CreatedOnToolsVersion = 15.3;
						LastSwiftMigration = 1530;
					};
					FA446F712BCD3EB900E85C70 = {
						CreatedOnToolsVersion = 15.3;
						LastSwiftMigration = 1530;
					};
				};
			};
			buildConfigurationList = FA446F642BCD3EB900E85C70 /* Build configuration list for PBXProject "AnimeFeed" */;
			compatibilityVersion = "Xcode 14.0";
			developmentRegion = en;
			hasScannedForEncodings = 0;
			knownRegions = (
				en,
				Base,
			);
			mainGroup = FA446F602BCD3EB900E85C70;
			productRefGroup = FA446F6B2BCD3EB900E85C70 /* Products */;
			projectDirPath = "";
			projectRoot = "";
			targets = (
				FA446F692BCD3EB900E85C70 /* AnimeFeed */,
				FA446F712BCD3EB900E85C70 /* AnimeFeedTests */,
			);
		};
/* End PBXProject section */

/* Begin PBXResourcesBuildPhase section */
		FA446F682BCD3EB900E85C70 /* Resources */ = {
			isa = PBXResourcesBuildPhase;
			buildActionMask = 2147483647;
			files = (
			);
			runOnlyForDeploymentPostprocessing = 0;
		};
		FA446F702BCD3EB900E85C70 /* Resources */ = {
			isa = PBXResourcesBuildPhase;
			buildActionMask = 2147483647;
			files = (
			);
			runOnlyForDeploymentPostprocessing = 0;
		};
/* End PBXResourcesBuildPhase section */

/* Begin PBXSourcesBuildPhase section */
		FA446F662BCD3EB900E85C70 /* Sources */ = {
			isa = PBXSourcesBuildPhase;
			buildActionMask = 2147483647;
			files = (
				FA9D9ACA2BE1621E00B3EF39 /* WEBPImages.swift in Sources */,
				FA446F832BCD40D800E85C70 /* AnimeItem.swift in Sources */,
				FA9D9AC82BE161E900B3EF39 /* JPGImages.swift in Sources */,
				FA30BAE52BCD855400FBF268 /* RemoteAnimeFeedLoader.swift in Sources */,
				FA9D9AC62BE1619100B3EF39 /* Images.swift in Sources */,
				FA9D9ACC2BE1629800B3EF39 /* Pagination.swift in Sources */,
				FA30BAE72BCD856600FBF268 /* HTTPClient.swift in Sources */,
				FA446F852BCD4BFC00E85C70 /* AnimeFeedLoader.swift in Sources */,
			);
			runOnlyForDeploymentPostprocessing = 0;
		};
		FA446F6E2BCD3EB900E85C70 /* Sources */ = {
			isa = PBXSourcesBuildPhase;
			buildActionMask = 2147483647;
			files = (
				FA446F882BCD6D6700E85C70 /* RemoteAnimeFeedLoaderTests.swift in Sources */,
			);
			runOnlyForDeploymentPostprocessing = 0;
		};
/* End PBXSourcesBuildPhase section */

/* Begin PBXTargetDependency section */
		FA446F752BCD3EB900E85C70 /* PBXTargetDependency */ = {
			isa = PBXTargetDependency;
			target = FA446F692BCD3EB900E85C70 /* AnimeFeed */;
			targetProxy = FA446F742BCD3EB900E85C70 /* PBXContainerItemProxy */;
		};
/* End PBXTargetDependency section */

/* Begin XCBuildConfiguration section */
		FA446F7A2BCD3EB900E85C70 /* Debug */ = {
			isa = XCBuildConfiguration;
			buildSettings = {
				ALWAYS_SEARCH_USER_PATHS = NO;
				ASSETCATALOG_COMPILER_GENERATE_SWIFT_ASSET_SYMBOL_EXTENSIONS = YES;
				CLANG_ANALYZER_NONNULL = YES;
				CLANG_ANALYZER_NUMBER_OBJECT_CONVERSION = YES_AGGRESSIVE;
				CLANG_CXX_LANGUAGE_STANDARD = "gnu++20";
				CLANG_ENABLE_MODULES = YES;
				CLANG_ENABLE_OBJC_ARC = YES;
				CLANG_ENABLE_OBJC_WEAK = YES;
				CLANG_WARN_BLOCK_CAPTURE_AUTORELEASING = YES;
				CLANG_WARN_BOOL_CONVERSION = YES;
				CLANG_WARN_COMMA = YES;
				CLANG_WARN_CONSTANT_CONVERSION = YES;
				CLANG_WARN_DEPRECATED_OBJC_IMPLEMENTATIONS = YES;
				CLANG_WARN_DIRECT_OBJC_ISA_USAGE = YES_ERROR;
				CLANG_WARN_DOCUMENTATION_COMMENTS = YES;
				CLANG_WARN_EMPTY_BODY = YES;
				CLANG_WARN_ENUM_CONVERSION = YES;
				CLANG_WARN_INFINITE_RECURSION = YES;
				CLANG_WARN_INT_CONVERSION = YES;
				CLANG_WARN_NON_LITERAL_NULL_CONVERSION = YES;
				CLANG_WARN_OBJC_IMPLICIT_RETAIN_SELF = YES;
				CLANG_WARN_OBJC_LITERAL_CONVERSION = YES;
				CLANG_WARN_OBJC_ROOT_CLASS = YES_ERROR;
				CLANG_WARN_QUOTED_INCLUDE_IN_FRAMEWORK_HEADER = YES;
				CLANG_WARN_RANGE_LOOP_ANALYSIS = YES;
				CLANG_WARN_STRICT_PROTOTYPES = YES;
				CLANG_WARN_SUSPICIOUS_MOVE = YES;
				CLANG_WARN_UNGUARDED_AVAILABILITY = YES_AGGRESSIVE;
				CLANG_WARN_UNREACHABLE_CODE = YES;
				CLANG_WARN__DUPLICATE_METHOD_MATCH = YES;
				COPY_PHASE_STRIP = NO;
				CURRENT_PROJECT_VERSION = 1;
				DEBUG_INFORMATION_FORMAT = dwarf;
				ENABLE_STRICT_OBJC_MSGSEND = YES;
				ENABLE_TESTABILITY = YES;
				ENABLE_USER_SCRIPT_SANDBOXING = YES;
				GCC_C_LANGUAGE_STANDARD = gnu17;
				GCC_DYNAMIC_NO_PIC = NO;
				GCC_NO_COMMON_BLOCKS = YES;
				GCC_OPTIMIZATION_LEVEL = 0;
				GCC_PREPROCESSOR_DEFINITIONS = (
					"DEBUG=1",
					"$(inherited)",
				);
				GCC_WARN_64_TO_32_BIT_CONVERSION = YES;
				GCC_WARN_ABOUT_RETURN_TYPE = YES_ERROR;
				GCC_WARN_UNDECLARED_SELECTOR = YES;
				GCC_WARN_UNINITIALIZED_AUTOS = YES_AGGRESSIVE;
				GCC_WARN_UNUSED_FUNCTION = YES;
				GCC_WARN_UNUSED_VARIABLE = YES;
				LOCALIZATION_PREFERS_STRING_CATALOGS = YES;
				MACOSX_DEPLOYMENT_TARGET = 14.3;
				MTL_ENABLE_DEBUG_INFO = INCLUDE_SOURCE;
				MTL_FAST_MATH = YES;
				ONLY_ACTIVE_ARCH = YES;
				SDKROOT = macosx;
				SWIFT_ACTIVE_COMPILATION_CONDITIONS = "DEBUG $(inherited)";
				SWIFT_OPTIMIZATION_LEVEL = "-Onone";
				VERSIONING_SYSTEM = "apple-generic";
				VERSION_INFO_PREFIX = "";
			};
			name = Debug;
		};
		FA446F7B2BCD3EB900E85C70 /* Release */ = {
			isa = XCBuildConfiguration;
			buildSettings = {
				ALWAYS_SEARCH_USER_PATHS = NO;
				ASSETCATALOG_COMPILER_GENERATE_SWIFT_ASSET_SYMBOL_EXTENSIONS = YES;
				CLANG_ANALYZER_NONNULL = YES;
				CLANG_ANALYZER_NUMBER_OBJECT_CONVERSION = YES_AGGRESSIVE;
				CLANG_CXX_LANGUAGE_STANDARD = "gnu++20";
				CLANG_ENABLE_MODULES = YES;
				CLANG_ENABLE_OBJC_ARC = YES;
				CLANG_ENABLE_OBJC_WEAK = YES;
				CLANG_WARN_BLOCK_CAPTURE_AUTORELEASING = YES;
				CLANG_WARN_BOOL_CONVERSION = YES;
				CLANG_WARN_COMMA = YES;
				CLANG_WARN_CONSTANT_CONVERSION = YES;
				CLANG_WARN_DEPRECATED_OBJC_IMPLEMENTATIONS = YES;
				CLANG_WARN_DIRECT_OBJC_ISA_USAGE = YES_ERROR;
				CLANG_WARN_DOCUMENTATION_COMMENTS = YES;
				CLANG_WARN_EMPTY_BODY = YES;
				CLANG_WARN_ENUM_CONVERSION = YES;
				CLANG_WARN_INFINITE_RECURSION = YES;
				CLANG_WARN_INT_CONVERSION = YES;
				CLANG_WARN_NON_LITERAL_NULL_CONVERSION = YES;
				CLANG_WARN_OBJC_IMPLICIT_RETAIN_SELF = YES;
				CLANG_WARN_OBJC_LITERAL_CONVERSION = YES;
				CLANG_WARN_OBJC_ROOT_CLASS = YES_ERROR;
				CLANG_WARN_QUOTED_INCLUDE_IN_FRAMEWORK_HEADER = YES;
				CLANG_WARN_RANGE_LOOP_ANALYSIS = YES;
				CLANG_WARN_STRICT_PROTOTYPES = YES;
				CLANG_WARN_SUSPICIOUS_MOVE = YES;
				CLANG_WARN_UNGUARDED_AVAILABILITY = YES_AGGRESSIVE;
				CLANG_WARN_UNREACHABLE_CODE = YES;
				CLANG_WARN__DUPLICATE_METHOD_MATCH = YES;
				COPY_PHASE_STRIP = NO;
				CURRENT_PROJECT_VERSION = 1;
				DEBUG_INFORMATION_FORMAT = "dwarf-with-dsym";
				ENABLE_NS_ASSERTIONS = NO;
				ENABLE_STRICT_OBJC_MSGSEND = YES;
				ENABLE_USER_SCRIPT_SANDBOXING = YES;
				GCC_C_LANGUAGE_STANDARD = gnu17;
				GCC_NO_COMMON_BLOCKS = YES;
				GCC_WARN_64_TO_32_BIT_CONVERSION = YES;
				GCC_WARN_ABOUT_RETURN_TYPE = YES_ERROR;
				GCC_WARN_UNDECLARED_SELECTOR = YES;
				GCC_WARN_UNINITIALIZED_AUTOS = YES_AGGRESSIVE;
				GCC_WARN_UNUSED_FUNCTION = YES;
				GCC_WARN_UNUSED_VARIABLE = YES;
				LOCALIZATION_PREFERS_STRING_CATALOGS = YES;
				MACOSX_DEPLOYMENT_TARGET = 14.3;
				MTL_ENABLE_DEBUG_INFO = NO;
				MTL_FAST_MATH = YES;
				SDKROOT = macosx;
				SWIFT_COMPILATION_MODE = wholemodule;
				VERSIONING_SYSTEM = "apple-generic";
				VERSION_INFO_PREFIX = "";
			};
			name = Release;
		};
		FA446F7D2BCD3EB900E85C70 /* Debug */ = {
			isa = XCBuildConfiguration;
			buildSettings = {
				BUILD_LIBRARY_FOR_DISTRIBUTION = YES;
				CLANG_ENABLE_MODULES = YES;
				CODE_SIGN_STYLE = Automatic;
				COMBINE_HIDPI_IMAGES = YES;
				CURRENT_PROJECT_VERSION = 1;
				DEFINES_MODULE = YES;
				DEVELOPMENT_TEAM = YK85C8KC5D;
				DYLIB_COMPATIBILITY_VERSION = 1;
				DYLIB_CURRENT_VERSION = 1;
				DYLIB_INSTALL_NAME_BASE = "@rpath";
				ENABLE_MODULE_VERIFIER = YES;
				GENERATE_INFOPLIST_FILE = YES;
				INFOPLIST_KEY_NSHumanReadableCopyright = "";
				INSTALL_PATH = "$(LOCAL_LIBRARY_DIR)/Frameworks";
				LD_RUNPATH_SEARCH_PATHS = (
					"$(inherited)",
					"@executable_path/../Frameworks",
					"@loader_path/Frameworks",
				);
				MARKETING_VERSION = 1.0;
				MODULE_VERIFIER_SUPPORTED_LANGUAGES = "objective-c objective-c++";
				MODULE_VERIFIER_SUPPORTED_LANGUAGE_STANDARDS = "gnu17 gnu++20";
				PRODUCT_BUNDLE_IDENTIFIER = sapranavicius.vytautas.com.AnimeFeed;
				PRODUCT_NAME = "$(TARGET_NAME:c99extidentifier)";
				SKIP_INSTALL = YES;
				SWIFT_EMIT_LOC_STRINGS = YES;
				SWIFT_INSTALL_OBJC_HEADER = NO;
				SWIFT_OPTIMIZATION_LEVEL = "-Onone";
				SWIFT_VERSION = 5.0;
			};
			name = Debug;
		};
		FA446F7E2BCD3EB900E85C70 /* Release */ = {
			isa = XCBuildConfiguration;
			buildSettings = {
				BUILD_LIBRARY_FOR_DISTRIBUTION = YES;
				CLANG_ENABLE_MODULES = YES;
				CODE_SIGN_STYLE = Automatic;
				COMBINE_HIDPI_IMAGES = YES;
				CURRENT_PROJECT_VERSION = 1;
				DEFINES_MODULE = YES;
				DEVELOPMENT_TEAM = YK85C8KC5D;
				DYLIB_COMPATIBILITY_VERSION = 1;
				DYLIB_CURRENT_VERSION = 1;
				DYLIB_INSTALL_NAME_BASE = "@rpath";
				ENABLE_MODULE_VERIFIER = YES;
				GENERATE_INFOPLIST_FILE = YES;
				INFOPLIST_KEY_NSHumanReadableCopyright = "";
				INSTALL_PATH = "$(LOCAL_LIBRARY_DIR)/Frameworks";
				LD_RUNPATH_SEARCH_PATHS = (
					"$(inherited)",
					"@executable_path/../Frameworks",
					"@loader_path/Frameworks",
				);
				MARKETING_VERSION = 1.0;
				MODULE_VERIFIER_SUPPORTED_LANGUAGES = "objective-c objective-c++";
				MODULE_VERIFIER_SUPPORTED_LANGUAGE_STANDARDS = "gnu17 gnu++20";
				PRODUCT_BUNDLE_IDENTIFIER = sapranavicius.vytautas.com.AnimeFeed;
				PRODUCT_NAME = "$(TARGET_NAME:c99extidentifier)";
				SKIP_INSTALL = YES;
				SWIFT_EMIT_LOC_STRINGS = YES;
				SWIFT_INSTALL_OBJC_HEADER = NO;
				SWIFT_VERSION = 5.0;
			};
			name = Release;
		};
		FA446F802BCD3EB900E85C70 /* Debug */ = {
			isa = XCBuildConfiguration;
			buildSettings = {
				ALWAYS_EMBED_SWIFT_STANDARD_LIBRARIES = YES;
				CLANG_ENABLE_MODULES = YES;
				CODE_SIGN_STYLE = Automatic;
				CURRENT_PROJECT_VERSION = 1;
				DEVELOPMENT_TEAM = YK85C8KC5D;
				GENERATE_INFOPLIST_FILE = YES;
				MARKETING_VERSION = 1.0;
				PRODUCT_BUNDLE_IDENTIFIER = sapranavicius.vytautas.com.AnimeFeedTests;
				PRODUCT_NAME = "$(TARGET_NAME)";
				SWIFT_EMIT_LOC_STRINGS = NO;
				SWIFT_OPTIMIZATION_LEVEL = "-Onone";
				SWIFT_VERSION = 5.0;
			};
			name = Debug;
		};
		FA446F812BCD3EB900E85C70 /* Release */ = {
			isa = XCBuildConfiguration;
			buildSettings = {
				ALWAYS_EMBED_SWIFT_STANDARD_LIBRARIES = YES;
				CLANG_ENABLE_MODULES = YES;
				CODE_SIGN_STYLE = Automatic;
				CURRENT_PROJECT_VERSION = 1;
				DEVELOPMENT_TEAM = YK85C8KC5D;
				GENERATE_INFOPLIST_FILE = YES;
				MARKETING_VERSION = 1.0;
				PRODUCT_BUNDLE_IDENTIFIER = sapranavicius.vytautas.com.AnimeFeedTests;
				PRODUCT_NAME = "$(TARGET_NAME)";
				SWIFT_EMIT_LOC_STRINGS = NO;
				SWIFT_VERSION = 5.0;
			};
			name = Release;
		};
/* End XCBuildConfiguration section */

/* Begin XCConfigurationList section */
		FA446F642BCD3EB900E85C70 /* Build configuration list for PBXProject "AnimeFeed" */ = {
			isa = XCConfigurationList;
			buildConfigurations = (
				FA446F7A2BCD3EB900E85C70 /* Debug */,
				FA446F7B2BCD3EB900E85C70 /* Release */,
			);
			defaultConfigurationIsVisible = 0;
			defaultConfigurationName = Release;
		};
		FA446F7C2BCD3EB900E85C70 /* Build configuration list for PBXNativeTarget "AnimeFeed" */ = {
			isa = XCConfigurationList;
			buildConfigurations = (
				FA446F7D2BCD3EB900E85C70 /* Debug */,
				FA446F7E2BCD3EB900E85C70 /* Release */,
			);
			defaultConfigurationIsVisible = 0;
			defaultConfigurationName = Release;
		};
		FA446F7F2BCD3EB900E85C70 /* Build configuration list for PBXNativeTarget "AnimeFeedTests" */ = {
			isa = XCConfigurationList;
			buildConfigurations = (
				FA446F802BCD3EB900E85C70 /* Debug */,
				FA446F812BCD3EB900E85C70 /* Release */,
			);
			defaultConfigurationIsVisible = 0;
			defaultConfigurationName = Release;
		};
/* End XCConfigurationList section */
	};
	rootObject = FA446F612BCD3EB900E85C70 /* Project object */;
}
